
Microsoft Visual Studio Solution File, Format Version 12.00
# Visual Studio Version 17
VisualStudioVersion = 17.14.36414.22
MinimumVisualStudioVersion = 10.0.40219.1
Project("{FAE04EC0-301F-11D3-BF4B-00C04F79EFBC}") = "PropostaService", "PropostaService.csproj", "{7CED9EF0-A3E7-4352-B6D4-A312FAF9A7BE}"
EndProject
Global
	GlobalSection(SolutionConfigurationPlatforms) = preSolution
		Debug|Any CPU = Debug|Any CPU
		Debug|x64 = Debug|x64
		Debug|x86 = Debug|x86
		Release|Any CPU = Release|Any CPU
		Release|x64 = Release|x64
		Release|x86 = Release|x86
	EndGlobalSection
	GlobalSection(ProjectConfigurationPlatforms) = postSolution
		{7CED9EF0-A3E7-4352-B6D4-A312FAF9A7BE}.Debug|Any CPU.ActiveCfg = Debug|Any CPU
		{7CED9EF0-A3E7-4352-B6D4-A312FAF9A7BE}.Debug|Any CPU.Build.0 = Debug|Any CPU
		{7CED9EF0-A3E7-4352-B6D4-A312FAF9A7BE}.Debug|x64.ActiveCfg = Debug|Any CPU
		{7CED9EF0-A3E7-4352-B6D4-A312FAF9A7BE}.Debug|x64.Build.0 = Debug|Any CPU
		{7CED9EF0-A3E7-4352-B6D4-A312FAF9A7BE}.Debug|x86.ActiveCfg = Debug|Any CPU
		{7CED9EF0-A3E7-4352-B6D4-A312FAF9A7BE}.Debug|x86.Build.0 = Debug|Any CPU
		{7CED9EF0-A3E7-4352-B6D4-A312FAF9A7BE}.Release|Any CPU.ActiveCfg = Release|Any CPU
		{7CED9EF0-A3E7-4352-B6D4-A312FAF9A7BE}.Release|Any CPU.Build.0 = Release|Any CPU
		{7CED9EF0-A3E7-4352-B6D4-A312FAF9A7BE}.Release|x64.ActiveCfg = Release|Any CPU
		{7CED9EF0-A3E7-4352-B6D4-A312FAF9A7BE}.Release|x64.Build.0 = Release|Any CPU
		{7CED9EF0-A3E7-4352-B6D4-A312FAF9A7BE}.Release|x86.ActiveCfg = Release|Any CPU
		{7CED9EF0-A3E7-4352-B6D4-A312FAF9A7BE}.Release|x86.Build.0 = Release|Any CPU
	EndGlobalSection
	GlobalSection(SolutionProperties) = preSolution
		HideSolutionNode = FALSE
	EndGlobalSection
	GlobalSection(ExtensibilityGlobals) = postSolution
		SolutionGuid = {BB38D530-7F55-4DF7-8C4F-43D3255264F3}
	EndGlobalSection
EndGlobal
